// !$*UTF8*$!
{
	archiveVersion = 1;
	classes = {
	};
	objectVersion = 55;
	objects = {

/* Begin PBXBuildFile section */
		962EF1AB27CF89F700B8BEF9 /* AppDelegate.swift in Sources */ = {isa = PBXBuildFile; fileRef = 962EF1AA27CF89F700B8BEF9 /* AppDelegate.swift */; };
		962EF1AD27CF89F700B8BEF9 /* SceneDelegate.swift in Sources */ = {isa = PBXBuildFile; fileRef = 962EF1AC27CF89F700B8BEF9 /* SceneDelegate.swift */; };
		962EF1AF27CF89F700B8BEF9 /* StationSearchViewController.swift in Sources */ = {isa = PBXBuildFile; fileRef = 962EF1AE27CF89F700B8BEF9 /* StationSearchViewController.swift */; };
		962EF1B427CF89F800B8BEF9 /* Assets.xcassets in Resources */ = {isa = PBXBuildFile; fileRef = 962EF1B327CF89F800B8BEF9 /* Assets.xcassets */; };
		962EF1B727CF89F800B8BEF9 /* LaunchScreen.storyboard in Resources */ = {isa = PBXBuildFile; fileRef = 962EF1B527CF89F800B8BEF9 /* LaunchScreen.storyboard */; };
		962EF1C027CF8A3B00B8BEF9 /* SnapKit in Frameworks */ = {isa = PBXBuildFile; productRef = 962EF1BF27CF8A3B00B8BEF9 /* SnapKit */; };
		962EF1C327CF8A9400B8BEF9 /* Alamofire in Frameworks */ = {isa = PBXBuildFile; productRef = 962EF1C227CF8A9400B8BEF9 /* Alamofire */; };
		96DE696627D1CF9400E25BCF /* DetailedInfoViewController.swift in Sources */ = {isa = PBXBuildFile; fileRef = 96DE696527D1CF9400E25BCF /* DetailedInfoViewController.swift */; };
		96DE696827D1CFFA00E25BCF /* StationInfo.swift in Sources */ = {isa = PBXBuildFile; fileRef = 96DE696727D1CFFA00E25BCF /* StationInfo.swift */; };
		96DE696C27D1D2B400E25BCF /* StationCollectionViewCell.swift in Sources */ = {isa = PBXBuildFile; fileRef = 96DE696B27D1D2B400E25BCF /* StationCollectionViewCell.swift */; };
		96DE696E27D1F6A600E25BCF /* StationResponseModel.swift in Sources */ = {isa = PBXBuildFile; fileRef = 96DE696D27D1F6A600E25BCF /* StationResponseModel.swift */; };
		96DE697027D2053500E25BCF /* StationArrivalDataResponseModel.swift in Sources */ = {isa = PBXBuildFile; fileRef = 96DE696F27D2053500E25BCF /* StationArrivalDataResponseModel.swift */; };
/* End PBXBuildFile section */

/* Begin PBXFileReference section */
		962EF1A727CF89F700B8BEF9 /* SubwayStation.app */ = {isa = PBXFileReference; explicitFileType = wrapper.application; includeInIndex = 0; path = SubwayStation.app; sourceTree = BUILT_PRODUCTS_DIR; };
		962EF1AA27CF89F700B8BEF9 /* AppDelegate.swift */ = {isa = PBXFileReference; lastKnownFileType = sourcecode.swift; path = AppDelegate.swift; sourceTree = "<group>"; };
		962EF1AC27CF89F700B8BEF9 /* SceneDelegate.swift */ = {isa = PBXFileReference; lastKnownFileType = sourcecode.swift; path = SceneDelegate.swift; sourceTree = "<group>"; };
		962EF1AE27CF89F700B8BEF9 /* StationSearchViewController.swift */ = {isa = PBXFileReference; lastKnownFileType = sourcecode.swift; path = StationSearchViewController.swift; sourceTree = "<group>"; };
		962EF1B327CF89F800B8BEF9 /* Assets.xcassets */ = {isa = PBXFileReference; lastKnownFileType = folder.assetcatalog; path = Assets.xcassets; sourceTree = "<group>"; };
		962EF1B627CF89F800B8BEF9 /* Base */ = {isa = PBXFileReference; lastKnownFileType = file.storyboard; name = Base; path = Base.lproj/LaunchScreen.storyboard; sourceTree = "<group>"; };
		962EF1B827CF89F800B8BEF9 /* Info.plist */ = {isa = PBXFileReference; lastKnownFileType = text.plist.xml; path = Info.plist; sourceTree = "<group>"; };
		96DE696527D1CF9400E25BCF /* DetailedInfoViewController.swift */ = {isa = PBXFileReference; lastKnownFileType = sourcecode.swift; path = DetailedInfoViewController.swift; sourceTree = "<group>"; };
		96DE696727D1CFFA00E25BCF /* StationInfo.swift */ = {isa = PBXFileReference; lastKnownFileType = sourcecode.swift; path = StationInfo.swift; sourceTree = "<group>"; };
		96DE696B27D1D2B400E25BCF /* StationCollectionViewCell.swift */ = {isa = PBXFileReference; lastKnownFileType = sourcecode.swift; path = StationCollectionViewCell.swift; sourceTree = "<group>"; };
		96DE696D27D1F6A600E25BCF /* StationResponseModel.swift */ = {isa = PBXFileReference; lastKnownFileType = sourcecode.swift; path = StationResponseModel.swift; sourceTree = "<group>"; };
		96DE696F27D2053500E25BCF /* StationArrivalDataResponseModel.swift */ = {isa = PBXFileReference; lastKnownFileType = sourcecode.swift; path = StationArrivalDataResponseModel.swift; sourceTree = "<group>"; };
/* End PBXFileReference section */

/* Begin PBXFrameworksBuildPhase section */
		962EF1A427CF89F700B8BEF9 /* Frameworks */ = {
			isa = PBXFrameworksBuildPhase;
			buildActionMask = 2147483647;
			files = (
				962EF1C027CF8A3B00B8BEF9 /* SnapKit in Frameworks */,
				962EF1C327CF8A9400B8BEF9 /* Alamofire in Frameworks */,
			);
			runOnlyForDeploymentPostprocessing = 0;
		};
/* End PBXFrameworksBuildPhase section */

/* Begin PBXGroup section */
		962EF19E27CF89F700B8BEF9 = {
			isa = PBXGroup;
			children = (
				962EF1A927CF89F700B8BEF9 /* SubwayStation */,
				962EF1A827CF89F700B8BEF9 /* Products */,
			);
			sourceTree = "<group>";
		};
		962EF1A827CF89F700B8BEF9 /* Products */ = {
			isa = PBXGroup;
			children = (
				962EF1A727CF89F700B8BEF9 /* SubwayStation.app */,
			);
			name = Products;
			sourceTree = "<group>";
		};
		962EF1A927CF89F700B8BEF9 /* SubwayStation */ = {
			isa = PBXGroup;
			children = (
				962EF1AA27CF89F700B8BEF9 /* AppDelegate.swift */,
				962EF1AC27CF89F700B8BEF9 /* SceneDelegate.swift */,
				96DE696A27D1D00B00E25BCF /* ViewControllers */,
				96DE696927D1CFFE00E25BCF /* Entities */,
				962EF1B327CF89F800B8BEF9 /* Assets.xcassets */,
				962EF1B527CF89F800B8BEF9 /* LaunchScreen.storyboard */,
				962EF1B827CF89F800B8BEF9 /* Info.plist */,
			);
			path = SubwayStation;
			sourceTree = "<group>";
		};
		96DE696927D1CFFE00E25BCF /* Entities */ = {
			isa = PBXGroup;
			children = (
				96DE696727D1CFFA00E25BCF /* StationInfo.swift */,
				96DE696D27D1F6A600E25BCF /* StationResponseModel.swift */,
				96DE696F27D2053500E25BCF /* StationArrivalDataResponseModel.swift */,
			);
			path = Entities;
			sourceTree = "<group>";
		};
		96DE696A27D1D00B00E25BCF /* ViewControllers */ = {
			isa = PBXGroup;
			children = (
				962EF1AE27CF89F700B8BEF9 /* StationSearchViewController.swift */,
				96DE696527D1CF9400E25BCF /* DetailedInfoViewController.swift */,
				96DE696B27D1D2B400E25BCF /* StationCollectionViewCell.swift */,
			);
			path = ViewControllers;
			sourceTree = "<group>";
		};
/* End PBXGroup section */

/* Begin PBXNativeTarget section */
		962EF1A627CF89F700B8BEF9 /* SubwayStation */ = {
			isa = PBXNativeTarget;
			buildConfigurationList = 962EF1BB27CF89F800B8BEF9 /* Build configuration list for PBXNativeTarget "SubwayStation" */;
			buildPhases = (
				962EF1A327CF89F700B8BEF9 /* Sources */,
				962EF1A427CF89F700B8BEF9 /* Frameworks */,
				962EF1A527CF89F700B8BEF9 /* Resources */,
			);
			buildRules = (
			);
			dependencies = (
			);
			name = SubwayStation;
			packageProductDependencies = (
				962EF1BF27CF8A3B00B8BEF9 /* SnapKit */,
				962EF1C227CF8A9400B8BEF9 /* Alamofire */,
			);
			productName = SubwayStation;
			productReference = 962EF1A727CF89F700B8BEF9 /* SubwayStation.app */;
			productType = "com.apple.product-type.application";
		};
/* End PBXNativeTarget section */

/* Begin PBXProject section */
		962EF19F27CF89F700B8BEF9 /* Project object */ = {
			isa = PBXProject;
			attributes = {
				BuildIndependentTargetsInParallel = 1;
				LastSwiftUpdateCheck = 1320;
				LastUpgradeCheck = 1320;
				TargetAttributes = {
					962EF1A627CF89F700B8BEF9 = {
						CreatedOnToolsVersion = 13.2;
					};
				};
			};
			buildConfigurationList = 962EF1A227CF89F700B8BEF9 /* Build configuration list for PBXProject "SubwayStation" */;
			compatibilityVersion = "Xcode 13.0";
			developmentRegion = en;
			hasScannedForEncodings = 0;
			knownRegions = (
				en,
				Base,
			);
			mainGroup = 962EF19E27CF89F700B8BEF9;
			packageReferences = (
				962EF1BE27CF8A3B00B8BEF9 /* XCRemoteSwiftPackageReference "SnapKit" */,
				962EF1C127CF8A9400B8BEF9 /* XCRemoteSwiftPackageReference "Alamofire" */,
			);
			productRefGroup = 962EF1A827CF89F700B8BEF9 /* Products */;
			projectDirPath = "";
			projectRoot = "";
			targets = (
				962EF1A627CF89F700B8BEF9 /* SubwayStation */,
			);
		};
/* End PBXProject section */

/* Begin PBXResourcesBuildPhase section */
		962EF1A527CF89F700B8BEF9 /* Resources */ = {
			isa = PBXResourcesBuildPhase;
			buildActionMask = 2147483647;
			files = (
				962EF1B727CF89F800B8BEF9 /* LaunchScreen.storyboard in Resources */,
				962EF1B427CF89F800B8BEF9 /* Assets.xcassets in Resources */,
			);
			runOnlyForDeploymentPostprocessing = 0;
		};
/* End PBXResourcesBuildPhase section */

/* Begin PBXSourcesBuildPhase section */
		962EF1A327CF89F700B8BEF9 /* Sources */ = {
			isa = PBXSourcesBuildPhase;
			buildActionMask = 2147483647;
			files = (
				96DE697027D2053500E25BCF /* StationArrivalDataResponseModel.swift in Sources */,
				96DE696627D1CF9400E25BCF /* DetailedInfoViewController.swift in Sources */,
				96DE696827D1CFFA00E25BCF /* StationInfo.swift in Sources */,
				962EF1AF27CF89F700B8BEF9 /* StationSearchViewController.swift in Sources */,
				962EF1AB27CF89F700B8BEF9 /* AppDelegate.swift in Sources */,
				962EF1AD27CF89F700B8BEF9 /* SceneDelegate.swift in Sources */,
				96DE696E27D1F6A600E25BCF /* StationResponseModel.swift in Sources */,
				96DE696C27D1D2B400E25BCF /* StationCollectionViewCell.swift in Sources */,
			);
			runOnlyForDeploymentPostprocessing = 0;
		};
/* End PBXSourcesBuildPhase section */

/* Begin PBXVariantGroup section */
		962EF1B527CF89F800B8BEF9 /* LaunchScreen.storyboard */ = {
			isa = PBXVariantGroup;
			children = (
				962EF1B627CF89F800B8BEF9 /* Base */,
			);
			name = LaunchScreen.storyboard;
			sourceTree = "<group>";
		};
/* End PBXVariantGroup section */

/* Begin XCBuildConfiguration section */
		962EF1B927CF89F800B8BEF9 /* Debug */ = {
			isa = XCBuildConfiguration;
			buildSettings = {
				ALWAYS_SEARCH_USER_PATHS = NO;
				CLANG_ANALYZER_NONNULL = YES;
				CLANG_ANALYZER_NUMBER_OBJECT_CONVERSION = YES_AGGRESSIVE;
				CLANG_CXX_LANGUAGE_STANDARD = "gnu++17";
				CLANG_CXX_LIBRARY = "libc++";
				CLANG_ENABLE_MODULES = YES;
				CLANG_ENABLE_OBJC_ARC = YES;
				CLANG_ENABLE_OBJC_WEAK = YES;
				CLANG_WARN_BLOCK_CAPTURE_AUTORELEASING = YES;
				CLANG_WARN_BOOL_CONVERSION = YES;
				CLANG_WARN_COMMA = YES;
				CLANG_WARN_CONSTANT_CONVERSION = YES;
				CLANG_WARN_DEPRECATED_OBJC_IMPLEMENTATIONS = YES;
				CLANG_WARN_DIRECT_OBJC_ISA_USAGE = YES_ERROR;
				CLANG_WARN_DOCUMENTATION_COMMENTS = YES;
				CLANG_WARN_EMPTY_BODY = YES;
				CLANG_WARN_ENUM_CONVERSION = YES;
				CLANG_WARN_INFINITE_RECURSION = YES;
				CLANG_WARN_INT_CONVERSION = YES;
				CLANG_WARN_NON_LITERAL_NULL_CONVERSION = YES;
				CLANG_WARN_OBJC_IMPLICIT_RETAIN_SELF = YES;
				CLANG_WARN_OBJC_LITERAL_CONVERSION = YES;
				CLANG_WARN_OBJC_ROOT_CLASS = YES_ERROR;
				CLANG_WARN_QUOTED_INCLUDE_IN_FRAMEWORK_HEADER = YES;
				CLANG_WARN_RANGE_LOOP_ANALYSIS = YES;
				CLANG_WARN_STRICT_PROTOTYPES = YES;
				CLANG_WARN_SUSPICIOUS_MOVE = YES;
				CLANG_WARN_UNGUARDED_AVAILABILITY = YES_AGGRESSIVE;
				CLANG_WARN_UNREACHABLE_CODE = YES;
				CLANG_WARN__DUPLICATE_METHOD_MATCH = YES;
				COPY_PHASE_STRIP = NO;
				DEBUG_INFORMATION_FORMAT = dwarf;
				ENABLE_STRICT_OBJC_MSGSEND = YES;
				ENABLE_TESTABILITY = YES;
				GCC_C_LANGUAGE_STANDARD = gnu11;
				GCC_DYNAMIC_NO_PIC = NO;
				GCC_NO_COMMON_BLOCKS = YES;
				GCC_OPTIMIZATION_LEVEL = 0;
				GCC_PREPROCESSOR_DEFINITIONS = (
					"DEBUG=1",
					"$(inherited)",
				);
				GCC_WARN_64_TO_32_BIT_CONVERSION = YES;
				GCC_WARN_ABOUT_RETURN_TYPE = YES_ERROR;
				GCC_WARN_UNDECLARED_SELECTOR = YES;
				GCC_WARN_UNINITIALIZED_AUTOS = YES_AGGRESSIVE;
				GCC_WARN_UNUSED_FUNCTION = YES;
				GCC_WARN_UNUSED_VARIABLE = YES;
				IPHONEOS_DEPLOYMENT_TARGET = 15.2;
				MTL_ENABLE_DEBUG_INFO = INCLUDE_SOURCE;
				MTL_FAST_MATH = YES;
				ONLY_ACTIVE_ARCH = YES;
				SDKROOT = iphoneos;
				SWIFT_ACTIVE_COMPILATION_CONDITIONS = DEBUG;
				SWIFT_OPTIMIZATION_LEVEL = "-Onone";
			};
			name = Debug;
		};
		962EF1BA27CF89F800B8BEF9 /* Release */ = {
			isa = XCBuildConfiguration;
			buildSettings = {
				ALWAYS_SEARCH_USER_PATHS = NO;
				CLANG_ANALYZER_NONNULL = YES;
				CLANG_ANALYZER_NUMBER_OBJECT_CONVERSION = YES_AGGRESSIVE;
				CLANG_CXX_LANGUAGE_STANDARD = "gnu++17";
				CLANG_CXX_LIBRARY = "libc++";
				CLANG_ENABLE_MODULES = YES;
				CLANG_ENABLE_OBJC_ARC = YES;
				CLANG_ENABLE_OBJC_WEAK = YES;
				CLANG_WARN_BLOCK_CAPTURE_AUTORELEASING = YES;
				CLANG_WARN_BOOL_CONVERSION = YES;
				CLANG_WARN_COMMA = YES;
				CLANG_WARN_CONSTANT_CONVERSION = YES;
				CLANG_WARN_DEPRECATED_OBJC_IMPLEMENTATIONS = YES;
				CLANG_WARN_DIRECT_OBJC_ISA_USAGE = YES_ERROR;
				CLANG_WARN_DOCUMENTATION_COMMENTS = YES;
				CLANG_WARN_EMPTY_BODY = YES;
				CLANG_WARN_ENUM_CONVERSION = YES;
				CLANG_WARN_INFINITE_RECURSION = YES;
				CLANG_WARN_INT_CONVERSION = YES;
				CLANG_WARN_NON_LITERAL_NULL_CONVERSION = YES;
				CLANG_WARN_OBJC_IMPLICIT_RETAIN_SELF = YES;
				CLANG_WARN_OBJC_LITERAL_CONVERSION = YES;
				CLANG_WARN_OBJC_ROOT_CLASS = YES_ERROR;
				CLANG_WARN_QUOTED_INCLUDE_IN_FRAMEWORK_HEADER = YES;
				CLANG_WARN_RANGE_LOOP_ANALYSIS = YES;
				CLANG_WARN_STRICT_PROTOTYPES = YES;
				CLANG_WARN_SUSPICIOUS_MOVE = YES;
				CLANG_WARN_UNGUARDED_AVAILABILITY = YES_AGGRESSIVE;
				CLANG_WARN_UNREACHABLE_CODE = YES;
				CLANG_WARN__DUPLICATE_METHOD_MATCH = YES;
				COPY_PHASE_STRIP = NO;
				DEBUG_INFORMATION_FORMAT = "dwarf-with-dsym";
				ENABLE_NS_ASSERTIONS = NO;
				ENABLE_STRICT_OBJC_MSGSEND = YES;
				GCC_C_LANGUAGE_STANDARD = gnu11;
				GCC_NO_COMMON_BLOCKS = YES;
				GCC_WARN_64_TO_32_BIT_CONVERSION = YES;
				GCC_WARN_ABOUT_RETURN_TYPE = YES_ERROR;
				GCC_WARN_UNDECLARED_SELECTOR = YES;
				GCC_WARN_UNINITIALIZED_AUTOS = YES_AGGRESSIVE;
				GCC_WARN_UNUSED_FUNCTION = YES;
				GCC_WARN_UNUSED_VARIABLE = YES;
				IPHONEOS_DEPLOYMENT_TARGET = 15.2;
				MTL_ENABLE_DEBUG_INFO = NO;
				MTL_FAST_MATH = YES;
				SDKROOT = iphoneos;
				SWIFT_COMPILATION_MODE = wholemodule;
				SWIFT_OPTIMIZATION_LEVEL = "-O";
				VALIDATE_PRODUCT = YES;
			};
			name = Release;
		};
		962EF1BC27CF89F800B8BEF9 /* Debug */ = {
			isa = XCBuildConfiguration;
			buildSettings = {
				ASSETCATALOG_COMPILER_APPICON_NAME = AppIcon;
				ASSETCATALOG_COMPILER_GLOBAL_ACCENT_COLOR_NAME = AccentColor;
				CODE_SIGN_STYLE = Automatic;
				CURRENT_PROJECT_VERSION = 1;
				DEVELOPMENT_TEAM = B2RV52W8G3;
				GENERATE_INFOPLIST_FILE = YES;
				INFOPLIST_FILE = SubwayStation/Info.plist;
				INFOPLIST_KEY_UIApplicationSupportsIndirectInputEvents = YES;
				INFOPLIST_KEY_UILaunchStoryboardName = LaunchScreen;
				INFOPLIST_KEY_UISupportedInterfaceOrientations_iPad = "UIInterfaceOrientationPortrait UIInterfaceOrientationPortraitUpsideDown UIInterfaceOrientationLandscapeLeft UIInterfaceOrientationLandscapeRight";
				INFOPLIST_KEY_UISupportedInterfaceOrientations_iPhone = "UIInterfaceOrientationPortrait UIInterfaceOrientationLandscapeLeft UIInterfaceOrientationLandscapeRight";
				LD_RUNPATH_SEARCH_PATHS = (
					"$(inherited)",
					"@executable_path/Frameworks",
				);
				MARKETING_VERSION = 1.0;
				PRODUCT_BUNDLE_IDENTIFIER = com.swiftist.SubwayStation;
				PRODUCT_NAME = "$(TARGET_NAME)";
				SWIFT_EMIT_LOC_STRINGS = YES;
				SWIFT_VERSION = 5.0;
				TARGETED_DEVICE_FAMILY = "1,2";
			};
			name = Debug;
		};
		962EF1BD27CF89F800B8BEF9 /* Release */ = {
			isa = XCBuildConfiguration;
			buildSettings = {
				ASSETCATALOG_COMPILER_APPICON_NAME = AppIcon;
				ASSETCATALOG_COMPILER_GLOBAL_ACCENT_COLOR_NAME = AccentColor;
				CODE_SIGN_STYLE = Automatic;
				CURRENT_PROJECT_VERSION = 1;
				DEVELOPMENT_TEAM = B2RV52W8G3;
				GENERATE_INFOPLIST_FILE = YES;
				INFOPLIST_FILE = SubwayStation/Info.plist;
				INFOPLIST_KEY_UIApplicationSupportsIndirectInputEvents = YES;
				INFOPLIST_KEY_UILaunchStoryboardName = LaunchScreen;
				INFOPLIST_KEY_UISupportedInterfaceOrientations_iPad = "UIInterfaceOrientationPortrait UIInterfaceOrientationPortraitUpsideDown UIInterfaceOrientationLandscapeLeft UIInterfaceOrientationLandscapeRight";
				INFOPLIST_KEY_UISupportedInterfaceOrientations_iPhone = "UIInterfaceOrientationPortrait UIInterfaceOrientationLandscapeLeft UIInterfaceOrientationLandscapeRight";
				LD_RUNPATH_SEARCH_PATHS = (
					"$(inherited)",
					"@executable_path/Frameworks",
				);
				MARKETING_VERSION = 1.0;
				PRODUCT_BUNDLE_IDENTIFIER = com.swiftist.SubwayStation;
				PRODUCT_NAME = "$(TARGET_NAME)";
				SWIFT_EMIT_LOC_STRINGS = YES;
				SWIFT_VERSION = 5.0;
				TARGETED_DEVICE_FAMILY = "1,2";
			};
			name = Release;
		};
/* End XCBuildConfiguration section */

/* Begin XCConfigurationList section */
		962EF1A227CF89F700B8BEF9 /* Build configuration list for PBXProject "SubwayStation" */ = {
			isa = XCConfigurationList;
			buildConfigurations = (
				962EF1B927CF89F800B8BEF9 /* Debug */,
				962EF1BA27CF89F800B8BEF9 /* Release */,
			);
			defaultConfigurationIsVisible = 0;
			defaultConfigurationName = Release;
		};
		962EF1BB27CF89F800B8BEF9 /* Build configuration list for PBXNativeTarget "SubwayStation" */ = {
			isa = XCConfigurationList;
			buildConfigurations = (
				962EF1BC27CF89F800B8BEF9 /* Debug */,
				962EF1BD27CF89F800B8BEF9 /* Release */,
			);
			defaultConfigurationIsVisible = 0;
			defaultConfigurationName = Release;
		};
/* End XCConfigurationList section */

/* Begin XCRemoteSwiftPackageReference section */
		962EF1BE27CF8A3B00B8BEF9 /* XCRemoteSwiftPackageReference "SnapKit" */ = {
			isa = XCRemoteSwiftPackageReference;
			repositoryURL = "https://github.com/SnapKit/SnapKit.git";
			requirement = {
				kind = upToNextMajorVersion;
				minimumVersion = 5.0.0;
			};
		};
		962EF1C127CF8A9400B8BEF9 /* XCRemoteSwiftPackageReference "Alamofire" */ = {
			isa = XCRemoteSwiftPackageReference;
			repositoryURL = "https://github.com/Alamofire/Alamofire.git";
			requirement = {
				kind = upToNextMajorVersion;
				minimumVersion = 5.0.0;
			};
		};
/* End XCRemoteSwiftPackageReference section */

/* Begin XCSwiftPackageProductDependency section */
		962EF1BF27CF8A3B00B8BEF9 /* SnapKit */ = {
			isa = XCSwiftPackageProductDependency;
			package = 962EF1BE27CF8A3B00B8BEF9 /* XCRemoteSwiftPackageReference "SnapKit" */;
			productName = SnapKit;
		};
		962EF1C227CF8A9400B8BEF9 /* Alamofire */ = {
			isa = XCSwiftPackageProductDependency;
			package = 962EF1C127CF8A9400B8BEF9 /* XCRemoteSwiftPackageReference "Alamofire" */;
			productName = Alamofire;
		};
/* End XCSwiftPackageProductDependency section */
	};
	rootObject = 962EF19F27CF89F700B8BEF9 /* Project object */;
}
